
Microsoft Visual Studio Solution File, Format Version 12.00
# Visual Studio Version 17
VisualStudioVersion = 17.9.34616.47
MinimumVisualStudioVersion = 10.0.40219.1
Project("{FAE04EC0-301F-11D3-BF4B-00C04F79EFBC}") = "HaleyHelpersWeb", "HaleyHelpersWeb\HaleyHelpersWeb.csproj", "{7C536478-CEC3-44C2-B97E-7891A3D60490}"
EndProject
Project("{FAE04EC0-301F-11D3-BF4B-00C04F79EFBC}") = "HaleyHelpersWeb.Tests", "HaleyHelpersWeb.Tests\HaleyHelpersWeb.Tests.csproj", "{530885B8-849D-4A89-A3F9-F6C9C03C0D3A}"
EndProject
Global
	GlobalSection(SolutionConfigurationPlatforms) = preSolution
		Debug|Any CPU = Debug|Any CPU
		Release|Any CPU = Release|Any CPU
	EndGlobalSection
	GlobalSection(ProjectConfigurationPlatforms) = postSolution
		{7C536478-CEC3-44C2-B97E-7891A3D60490}.Debug|Any CPU.ActiveCfg = Debug|Any CPU
		{7C536478-CEC3-44C2-B97E-7891A3D60490}.Debug|Any CPU.Build.0 = Debug|Any CPU
		{7C536478-CEC3-44C2-B97E-7891A3D60490}.Release|Any CPU.ActiveCfg = Release|Any CPU
		{7C536478-CEC3-44C2-B97E-7891A3D60490}.Release|Any CPU.Build.0 = Release|Any CPU
		{530885B8-849D-4A89-A3F9-F6C9C03C0D3A}.Debug|Any CPU.ActiveCfg = Debug|Any CPU
		{530885B8-849D-4A89-A3F9-F6C9C03C0D3A}.Debug|Any CPU.Build.0 = Debug|Any CPU
		{530885B8-849D-4A89-A3F9-F6C9C03C0D3A}.Release|Any CPU.ActiveCfg = Release|Any CPU
		{530885B8-849D-4A89-A3F9-F6C9C03C0D3A}.Release|Any CPU.Build.0 = Release|Any CPU
	EndGlobalSection
	GlobalSection(SolutionProperties) = preSolution
		HideSolutionNode = FALSE
	EndGlobalSection
	GlobalSection(ExtensibilityGlobals) = postSolution
		SolutionGuid = {E39E246E-6588-4812-827E-42EBA4D50C88}
	EndGlobalSection
EndGlobal
